
Microsoft Visual Studio Solution File, Format Version 12.00
# Visual Studio 15
VisualStudioVersion = 15.0.26730.8
MinimumVisualStudioVersion = 10.0.40219.1
Project("{D954291E-2A0B-460D-934E-DC6B0785DB48}") = "HangmanApp.Shared", "HangmanApp.Shared\HangmanApp.Shared.shproj", "{6ABC5145-6933-4B45-9BA6-21395AD7B808}"
EndProject
Project("{FAE04EC0-301F-11D3-BF4B-00C04F79EFBC}") = "HangmanApp.Droid", "HangmanApp.Droid\HangmanApp.Droid.csproj", "{D964F959-AD13-443B-997D-E7EEB0F72433}"
EndProject
Global
	GlobalSection(SharedMSBuildProjectFiles) = preSolution
		HangmanApp.Shared\HangmanApp.Shared.projitems*{6abc5145-6933-4b45-9ba6-21395ad7b808}*SharedItemsImports = 13
	EndGlobalSection
	GlobalSection(SolutionConfigurationPlatforms) = preSolution
		Debug|Any CPU = Debug|Any CPU
		Release|Any CPU = Release|Any CPU
	EndGlobalSection
	GlobalSection(ProjectConfigurationPlatforms) = postSolution
		{D964F959-AD13-443B-997D-E7EEB0F72433}.Debug|Any CPU.ActiveCfg = Debug|Any CPU
		{D964F959-AD13-443B-997D-E7EEB0F72433}.Debug|Any CPU.Build.0 = Debug|Any CPU
		{D964F959-AD13-443B-997D-E7EEB0F72433}.Debug|Any CPU.Deploy.0 = Debug|Any CPU
		{D964F959-AD13-443B-997D-E7EEB0F72433}.Release|Any CPU.ActiveCfg = Release|Any CPU
		{D964F959-AD13-443B-997D-E7EEB0F72433}.Release|Any CPU.Build.0 = Release|Any CPU
		{D964F959-AD13-443B-997D-E7EEB0F72433}.Release|Any CPU.Deploy.0 = Release|Any CPU
	EndGlobalSection
	GlobalSection(SolutionProperties) = preSolution
		HideSolutionNode = FALSE
	EndGlobalSection
	GlobalSection(ExtensibilityGlobals) = postSolution
		SolutionGuid = {27DF91CE-AFB8-437B-B742-46FC99FE7AFF}
	EndGlobalSection
EndGlobal
