
Microsoft Visual Studio Solution File, Format Version 12.00
# Visual Studio 15
VisualStudioVersion = 15.0.26430.16
MinimumVisualStudioVersion = 10.0.40219.1
Project("{FAE04EC0-301F-11D3-BF4B-00C04F79EFBC}") = "XamarinAppV1", "XamarinAppV1\XamarinAppV1.csproj", "{67F9D3A8-F71E-4428-913F-C37AE82CDB24}"
EndProject
Project("{FAE04EC0-301F-11D3-BF4B-00C04F79EFBC}") = "XamarinAppV1.Droid", "XamarinAppV1.Droid\XamarinAppV1.Droid.csproj", "{01FF0B93-9220-4DDB-A35B-D6DD8EB2CADD}"
EndProject
Project("{FAE04EC0-301F-11D3-BF4B-00C04F79EFBC}") = "UnitTest", "UnitTest\UnitTest.csproj", "{AC3FDBD0-9E62-416B-BDC3-FCB34A6E1672}"
EndProject
Global
	GlobalSection(SolutionConfigurationPlatforms) = preSolution
		Debug|Any CPU = Debug|Any CPU
		Release|Any CPU = Release|Any CPU
	EndGlobalSection
	GlobalSection(ProjectConfigurationPlatforms) = postSolution
		{67F9D3A8-F71E-4428-913F-C37AE82CDB24}.Debug|Any CPU.ActiveCfg = Debug|Any CPU
		{67F9D3A8-F71E-4428-913F-C37AE82CDB24}.Debug|Any CPU.Build.0 = Debug|Any CPU
		{67F9D3A8-F71E-4428-913F-C37AE82CDB24}.Release|Any CPU.ActiveCfg = Release|Any CPU
		{67F9D3A8-F71E-4428-913F-C37AE82CDB24}.Release|Any CPU.Build.0 = Release|Any CPU
		{01FF0B93-9220-4DDB-A35B-D6DD8EB2CADD}.Debug|Any CPU.ActiveCfg = Debug|Any CPU
		{01FF0B93-9220-4DDB-A35B-D6DD8EB2CADD}.Debug|Any CPU.Build.0 = Debug|Any CPU
		{01FF0B93-9220-4DDB-A35B-D6DD8EB2CADD}.Debug|Any CPU.Deploy.0 = Debug|Any CPU
		{01FF0B93-9220-4DDB-A35B-D6DD8EB2CADD}.Release|Any CPU.ActiveCfg = Release|Any CPU
		{01FF0B93-9220-4DDB-A35B-D6DD8EB2CADD}.Release|Any CPU.Build.0 = Release|Any CPU
		{01FF0B93-9220-4DDB-A35B-D6DD8EB2CADD}.Release|Any CPU.Deploy.0 = Release|Any CPU
		{AC3FDBD0-9E62-416B-BDC3-FCB34A6E1672}.Debug|Any CPU.ActiveCfg = Debug|Any CPU
		{AC3FDBD0-9E62-416B-BDC3-FCB34A6E1672}.Debug|Any CPU.Build.0 = Debug|Any CPU
		{AC3FDBD0-9E62-416B-BDC3-FCB34A6E1672}.Release|Any CPU.ActiveCfg = Release|Any CPU
		{AC3FDBD0-9E62-416B-BDC3-FCB34A6E1672}.Release|Any CPU.Build.0 = Release|Any CPU
	EndGlobalSection
	GlobalSection(SolutionProperties) = preSolution
		HideSolutionNode = FALSE
	EndGlobalSection
EndGlobal
