
Microsoft Visual Studio Solution File, Format Version 12.00
# Visual Studio 15
VisualStudioVersion = 15.0.26730.16
MinimumVisualStudioVersion = 10.0.40219.1
Project("{D954291E-2A0B-460D-934E-DC6B0785DB48}") = "Guess5App.Shared", "Guess5App.Shared\Guess5App.Shared.shproj", "{87E8837E-234F-4BCA-B3D7-C0DE4D11745B}"
EndProject
Project("{FAE04EC0-301F-11D3-BF4B-00C04F79EFBC}") = "Guess5App.Droid", "Guess5App.Droid\Guess5App.Droid.csproj", "{33486431-B1B5-47DE-853B-647D24DD5A0E}"
EndProject
Global
	GlobalSection(SharedMSBuildProjectFiles) = preSolution
		Guess5App.Shared\Guess5App.Shared.projitems*{33486431-b1b5-47de-853b-647d24dd5a0e}*SharedItemsImports = 4
		Guess5App.Shared\Guess5App.Shared.projitems*{87e8837e-234f-4bca-b3d7-c0de4d11745b}*SharedItemsImports = 13
	EndGlobalSection
	GlobalSection(SolutionConfigurationPlatforms) = preSolution
		Debug|Any CPU = Debug|Any CPU
		Release|Any CPU = Release|Any CPU
	EndGlobalSection
	GlobalSection(ProjectConfigurationPlatforms) = postSolution
		{33486431-B1B5-47DE-853B-647D24DD5A0E}.Debug|Any CPU.ActiveCfg = Debug|Any CPU
		{33486431-B1B5-47DE-853B-647D24DD5A0E}.Debug|Any CPU.Build.0 = Debug|Any CPU
		{33486431-B1B5-47DE-853B-647D24DD5A0E}.Debug|Any CPU.Deploy.0 = Debug|Any CPU
		{33486431-B1B5-47DE-853B-647D24DD5A0E}.Release|Any CPU.ActiveCfg = Release|Any CPU
		{33486431-B1B5-47DE-853B-647D24DD5A0E}.Release|Any CPU.Build.0 = Release|Any CPU
		{33486431-B1B5-47DE-853B-647D24DD5A0E}.Release|Any CPU.Deploy.0 = Release|Any CPU
	EndGlobalSection
	GlobalSection(SolutionProperties) = preSolution
		HideSolutionNode = FALSE
	EndGlobalSection
	GlobalSection(ExtensibilityGlobals) = postSolution
		SolutionGuid = {767B51E0-4912-40FF-A9A6-6988A9FC2925}
	EndGlobalSection
EndGlobal
