
Microsoft Visual Studio Solution File, Format Version 12.00
# Visual Studio 15
VisualStudioVersion = 15.0.26730.10
MinimumVisualStudioVersion = 10.0.40219.1
Project("{D954291E-2A0B-460D-934E-DC6B0785DB48}") = "HangmanApp.Shared", "HangmanApp.Shared\HangmanApp.Shared.shproj", "{F04D159F-A600-4767-8761-480268B2FCDA}"
EndProject
Project("{FAE04EC0-301F-11D3-BF4B-00C04F79EFBC}") = "HangmanApp.Droid", "HangmanApp.Droid\HangmanApp.Droid.csproj", "{895589FF-2114-488A-9766-B6EE7C614CA9}"
EndProject
Global
	GlobalSection(SharedMSBuildProjectFiles) = preSolution
		HangmanApp.Shared\HangmanApp.Shared.projitems*{f04d159f-a600-4767-8761-480268b2fcda}*SharedItemsImports = 13
	EndGlobalSection
	GlobalSection(SolutionConfigurationPlatforms) = preSolution
		Debug|Any CPU = Debug|Any CPU
		Release|Any CPU = Release|Any CPU
	EndGlobalSection
	GlobalSection(ProjectConfigurationPlatforms) = postSolution
		{895589FF-2114-488A-9766-B6EE7C614CA9}.Debug|Any CPU.ActiveCfg = Debug|Any CPU
		{895589FF-2114-488A-9766-B6EE7C614CA9}.Debug|Any CPU.Build.0 = Debug|Any CPU
		{895589FF-2114-488A-9766-B6EE7C614CA9}.Debug|Any CPU.Deploy.0 = Debug|Any CPU
		{895589FF-2114-488A-9766-B6EE7C614CA9}.Release|Any CPU.ActiveCfg = Release|Any CPU
		{895589FF-2114-488A-9766-B6EE7C614CA9}.Release|Any CPU.Build.0 = Release|Any CPU
		{895589FF-2114-488A-9766-B6EE7C614CA9}.Release|Any CPU.Deploy.0 = Release|Any CPU
	EndGlobalSection
	GlobalSection(SolutionProperties) = preSolution
		HideSolutionNode = FALSE
	EndGlobalSection
	GlobalSection(ExtensibilityGlobals) = postSolution
		SolutionGuid = {1DB55219-E87D-4FFE-92A0-8A2B47CB8981}
	EndGlobalSection
EndGlobal
